
Microsoft Visual Studio Solution File, Format Version 12.00
# Visual Studio 15
VisualStudioVersion = 15.0.28307.1401
MinimumVisualStudioVersion = 10.0.40219.1
Project("{8BC9CEB8-8B4A-11D0-8D11-00A0C91BC942}") = "WorkbookAnswers", "WorkbookAnswers.vcxproj", "{10AEAE95-494E-46E2-9B8E-F9FC3907EC1F}"
EndProject
Global
	GlobalSection(SolutionConfigurationPlatforms) = preSolution
		Debug|x64 = Debug|x64
		Debug|x86 = Debug|x86
		Release|x64 = Release|x64
		Release|x86 = Release|x86
	EndGlobalSection
	GlobalSection(ProjectConfigurationPlatforms) = postSolution
		{10AEAE95-494E-46E2-9B8E-F9FC3907EC1F}.Debug|x64.ActiveCfg = Debug|x64
		{10AEAE95-494E-46E2-9B8E-F9FC3907EC1F}.Debug|x64.Build.0 = Debug|x64
		{10AEAE95-494E-46E2-9B8E-F9FC3907EC1F}.Debug|x86.ActiveCfg = Debug|Win32
		{10AEAE95-494E-46E2-9B8E-F9FC3907EC1F}.Debug|x86.Build.0 = Debug|Win32
		{10AEAE95-494E-46E2-9B8E-F9FC3907EC1F}.Release|x64.ActiveCfg = Release|x64
		{10AEAE95-494E-46E2-9B8E-F9FC3907EC1F}.Release|x64.Build.0 = Release|x64
		{10AEAE95-494E-46E2-9B8E-F9FC3907EC1F}.Release|x86.ActiveCfg = Release|Win32
		{10AEAE95-494E-46E2-9B8E-F9FC3907EC1F}.Release|x86.Build.0 = Release|Win32
	EndGlobalSection
	GlobalSection(SolutionProperties) = preSolution
		HideSolutionNode = FALSE
	EndGlobalSection
	GlobalSection(ExtensibilityGlobals) = postSolution
		SolutionGuid = {05EC003E-B467-41D4-8F6E-3A52619B4383}
	EndGlobalSection
EndGlobal
